<?xml version="1.0" encoding="utf-8"?>
<Project ToolsVersion="4.0" xmlns="http://schemas.microsoft.com/developer/msbuild/2003">
  <ItemGroup>
    <Filter Include="Source Files">
      <UniqueIdentifier>{4FC737F1-C7A5-4376-A066-2A32D752A2FF}</UniqueIdentifier>
      <Extensions>cpp;c;cc;cxx;c++;cppm;ixx;def;odl;idl;hpj;bat;asm;asmx</Extensions>
    </Filter>
    <Filter Include="Header Files">
      <UniqueIdentifier>{93995380-89BD-4b04-88EB-625FBE52EBFB}</UniqueIdentifier>
      <Extensions>h;hh;hpp;hxx;h++;hm;inl;inc;ipp;xsd</Extensions>
    </Filter>
    <Filter Include="Resource Files">
      <UniqueIdentifier>{67DA6AB6-F800-4c08-8B7A-83BB121AAD01}</UniqueIdentifier>
      <Extensions>rc;ico;cur;bmp;dlg;rc2;rct;bin;rgs;gif;jpg;jpeg;jpe;resx;tiff;tif;png;wav;mfcribbon-ms</Extensions>
    </Filter>
  </ItemGroup>
  <ItemGroup>
    <ClCompile Include="main.cpp">
      <Filter>Source Files</Filter>
    </ClCompile>
    <ClCompile Include="gv\gv.cpp">
      <Filter>Source Files</Filter>
    </ClCompile>
    <ClCompile Include="lexer\lexer.cpp">
      <Filter>Source Files</Filter>
    </ClCompile>
    <ClCompile Include="mem\mem.cpp">
      <Filter>Source Files</Filter>
    </ClCompile>
    <ClCompile Include="ast\ast.cpp">
      <Filter>Source Files</Filter>
    </ClCompile>
    <ClCompile Include="syntax\syntax.cpp">
      <Filter>Source Files</Filter>
    </ClCompile>
    <ClCompile Include="semantic\semantic.cpp">
      <Filter>Source Files</Filter>
    </ClCompile>
    <ClCompile Include="ir\ir.cpp">
      <Filter>Source Files</Filter>
    </ClCompile>
    <ClCompile Include="ir\items\block.cpp">
      <Filter>Source Files</Filter>
    </ClCompile>
    <ClCompile Include="ir\instructions\instruction.cpp">
      <Filter>Source Files</Filter>
    </ClCompile>
    <ClCompile Include="ir\items\prototype.cpp">
      <Filter>Source Files</Filter>
    </ClCompile>
    <ClCompile Include="ir\items\body.cpp">
      <Filter>Source Files</Filter>
    </ClCompile>
    <ClCompile Include="ir\instructions\return.cpp">
      <Filter>Source Files</Filter>
    </ClCompile>
    <ClCompile Include="ir\instructions\stack_alloc.cpp">
      <Filter>Source Files</Filter>
    </ClCompile>
    <ClCompile Include="ir\items\value.cpp">
      <Filter>Source Files</Filter>
    </ClCompile>
    <ClCompile Include="ir\instructions\store.cpp">
      <Filter>Source Files</Filter>
    </ClCompile>
    <ClCompile Include="ir\instructions\cast.cpp">
      <Filter>Source Files</Filter>
    </ClCompile>
    <ClCompile Include="ir\instructions\binary_op.cpp">
      <Filter>Source Files</Filter>
    </ClCompile>
    <ClCompile Include="ir\instructions\load.cpp">
      <Filter>Source Files</Filter>
    </ClCompile>
    <ClCompile Include="ir\instructions\unary_op.cpp">
      <Filter>Source Files</Filter>
    </ClCompile>
    <ClCompile Include="ir\instructions\call.cpp">
      <Filter>Source Files</Filter>
    </ClCompile>
  </ItemGroup>
  <ItemGroup>
    <ClInclude Include="defs.h">
      <Filter>Header Files</Filter>
    </ClInclude>
    <ClInclude Include="gv\gv.h">
      <Filter>Header Files</Filter>
    </ClInclude>
    <ClInclude Include="dbg\dbg.h">
      <Filter>Header Files</Filter>
    </ClInclude>
    <ClInclude Include="utils\utils.h">
      <Filter>Header Files</Filter>
    </ClInclude>
    <ClInclude Include="lexer\lexer.h">
      <Filter>Header Files</Filter>
    </ClInclude>
    <ClInclude Include="mem\mem.h">
      <Filter>Header Files</Filter>
    </ClInclude>
    <ClInclude Include="ast\ast.h">
      <Filter>Header Files</Filter>
    </ClInclude>
    <ClInclude Include="rtti\rtti.h">
      <Filter>Header Files</Filter>
    </ClInclude>
    <ClInclude Include="syntax\syntax.h">
      <Filter>Header Files</Filter>
    </ClInclude>
    <ClInclude Include="semantic\semantic.h">
      <Filter>Header Files</Filter>
    </ClInclude>
    <ClInclude Include="ir\ir.h">
      <Filter>Header Files</Filter>
    </ClInclude>
    <ClInclude Include="ir\items\block.h">
      <Filter>Header Files</Filter>
    </ClInclude>
    <ClInclude Include="ir\instructions\instruction.h">
      <Filter>Header Files</Filter>
    </ClInclude>
    <ClInclude Include="ir\items\prototype.h">
      <Filter>Header Files</Filter>
    </ClInclude>
    <ClInclude Include="ir\items\body.h">
      <Filter>Header Files</Filter>
    </ClInclude>
    <ClInclude Include="ir\types.h">
      <Filter>Header Files</Filter>
    </ClInclude>
    <ClInclude Include="ir\item_base.h">
      <Filter>Header Files</Filter>
    </ClInclude>
    <ClInclude Include="ir\instructions\return.h">
      <Filter>Header Files</Filter>
    </ClInclude>
    <ClInclude Include="ir\instructions\stack_alloc.h">
      <Filter>Header Files</Filter>
    </ClInclude>
    <ClInclude Include="ir\items\value.h">
      <Filter>Header Files</Filter>
    </ClInclude>
    <ClInclude Include="ir\instructions\store.h">
      <Filter>Header Files</Filter>
    </ClInclude>
    <ClInclude Include="ir\instructions\cast.h">
      <Filter>Header Files</Filter>
    </ClInclude>
    <ClInclude Include="ir\instructions\binary_op.h">
      <Filter>Header Files</Filter>
    </ClInclude>
    <ClInclude Include="ir\instructions\load.h">
      <Filter>Header Files</Filter>
    </ClInclude>
    <ClInclude Include="ir\instructions\unary_op.h">
      <Filter>Header Files</Filter>
    </ClInclude>
    <ClInclude Include="ir\instructions\call.h">
      <Filter>Header Files</Filter>
    </ClInclude>
  </ItemGroup>
</Project>